{
  "name": "recall-site",
  "version": "1.0.0",
  "lockfileVersion": 3,
  "requires": true,
  "packages": {
    "": {
      "name": "recall-site",
      "version": "1.0.0",
      "dependencies": {
        "@semanticintent/recall-compiler": "^1.0.1"
      }
    },
    "node_modules/@semanticintent/recall-compiler": {
      "version": "1.0.1",
      "resolved": "https://registry.npmjs.org/@semanticintent/recall-compiler/-/recall-compiler-1.0.1.tgz",
      "integrity": "sha512-bvd3Fp1fpAXRdKfyJgYqlbAeGR8u4R31+f1PlDj5lX0Bzj7++D5J2vKz4U9PDXpl6sKfBXY5/8BkezS6cydZPg==",
      "license": "MIT",
      "dependencies": {
        "commander": "^14.0.3"
      },
      "bin": {
        "recall": "bin/recall.js"
      }
    },
    "node_modules/commander": {
      "version": "14.0.3",
      "resolved": "https://registry.npmjs.org/commander/-/commander-14.0.3.tgz",
      "integrity": "sha512-H+y0Jo/T1RZ9qPP4Eh1pkcQcLRglraJaSLoyOtHxu6AapkjWVCy2Sit1QQ4x3Dng8qDlSsZEet7g5Pq06MvTgw==",
      "license": "MIT",
      "engines": {
        "node": ">=20"
      }
    }
  }
}
