{
  "name": "recall-site",
  "version": "1.0.0",
  "lockfileVersion": 3,
  "requires": true,
  "packages": {
    "": {
      "name": "recall-site",
      "version": "1.0.0",
      "dependencies": {
        "@semanticintent/recall": "0.7.2"
      }
    },
    "node_modules/@semanticintent/recall": {
      "version": "0.7.2",
      "resolved": "https://registry.npmjs.org/@semanticintent/recall/-/recall-0.7.2.tgz",
      "integrity": "sha512-thjyruBc4gP1ZUGoCm9VMa7kIBEnb3bfn6PtwIpnKAgo26/OqWkJp2Un/9V4ohSwhMR90vb33X2QGjYkBVCNwg==",
      "license": "MIT",
      "dependencies": {
        "commander": "^14.0.3"
      },
      "bin": {
        "recall": "bin/recall.js"
      }
    },
    "node_modules/commander": {
      "version": "14.0.3",
      "resolved": "https://registry.npmjs.org/commander/-/commander-14.0.3.tgz",
      "integrity": "sha512-H+y0Jo/T1RZ9qPP4Eh1pkcQcLRglraJaSLoyOtHxu6AapkjWVCy2Sit1QQ4x3Dng8qDlSsZEet7g5Pq06MvTgw==",
      "license": "MIT",
      "engines": {
        "node": ">=20"
      }
    }
  }
}
