{
  "name": "recall-site",
  "version": "1.0.0",
  "lockfileVersion": 3,
  "requires": true,
  "packages": {
    "": {
      "name": "recall-site",
      "version": "1.0.0",
      "dependencies": {
        "@semanticintent/recall": "0.3.7"
      }
    },
    "node_modules/@semanticintent/recall": {
      "version": "0.3.7",
      "resolved": "https://registry.npmjs.org/@semanticintent/recall/-/recall-0.3.7.tgz",
      "integrity": "sha512-6uW3WWZd3K1MdT5EjqwMrydBc+1PA7dE5aGP/rFjKtn3KWdPhYEHmxSjNJwsznjv7UoXrkrdmDnMFYjdk3hetw==",
      "license": "MIT",
      "dependencies": {
        "commander": "^14.0.3"
      },
      "bin": {
        "recall": "bin/recall.js"
      }
    },
    "node_modules/commander": {
      "version": "14.0.3",
      "resolved": "https://registry.npmjs.org/commander/-/commander-14.0.3.tgz",
      "integrity": "sha512-H+y0Jo/T1RZ9qPP4Eh1pkcQcLRglraJaSLoyOtHxu6AapkjWVCy2Sit1QQ4x3Dng8qDlSsZEet7g5Pq06MvTgw==",
      "license": "MIT",
      "engines": {
        "node": ">=20"
      }
    }
  }
}
